
Microsoft Visual Studio Solution File, Format Version 12.00
# Visual Studio Version 16
VisualStudioVersion = 16.0.30717.126
MinimumVisualStudioVersion = 10.0.40219.1
Project("{9A19103F-16F7-4668-BE54-9A1E7A4F7556}") = "Globomantics.Web", "Globomantics.Web\Globomantics.Web.csproj", "{40AB30E8-E003-44C0-91A6-DAC08EF4DD33}"
EndProject
Project("{9A19103F-16F7-4668-BE54-9A1E7A4F7556}") = "Globomantics.Interfaces", "Globomantics.Interfaces\Globomantics.Interfaces.csproj", "{FEB797F3-672D-4569-AFC0-DDF0512652EB}"
EndProject
Project("{9A19103F-16F7-4668-BE54-9A1E7A4F7556}") = "Globomantics.Services", "Globomantics.Services\Globomantics.Services.csproj", "{91C0097E-4727-4B99-9A73-C3D2616AD455}"
EndProject
Project("{9A19103F-16F7-4668-BE54-9A1E7A4F7556}") = "Globomantics.Models", "Globomantics.Models\Globomantics.Models.csproj", "{237FF898-4BEE-4169-BCF4-BE6085C0DC31}"
EndProject
Global
	GlobalSection(SolutionConfigurationPlatforms) = preSolution
		Debug|Any CPU = Debug|Any CPU
		Release|Any CPU = Release|Any CPU
	EndGlobalSection
	GlobalSection(ProjectConfigurationPlatforms) = postSolution
		{40AB30E8-E003-44C0-91A6-DAC08EF4DD33}.Debug|Any CPU.ActiveCfg = Debug|Any CPU
		{40AB30E8-E003-44C0-91A6-DAC08EF4DD33}.Debug|Any CPU.Build.0 = Debug|Any CPU
		{40AB30E8-E003-44C0-91A6-DAC08EF4DD33}.Release|Any CPU.ActiveCfg = Release|Any CPU
		{40AB30E8-E003-44C0-91A6-DAC08EF4DD33}.Release|Any CPU.Build.0 = Release|Any CPU
		{FEB797F3-672D-4569-AFC0-DDF0512652EB}.Debug|Any CPU.ActiveCfg = Debug|Any CPU
		{FEB797F3-672D-4569-AFC0-DDF0512652EB}.Debug|Any CPU.Build.0 = Debug|Any CPU
		{FEB797F3-672D-4569-AFC0-DDF0512652EB}.Release|Any CPU.ActiveCfg = Release|Any CPU
		{FEB797F3-672D-4569-AFC0-DDF0512652EB}.Release|Any CPU.Build.0 = Release|Any CPU
		{91C0097E-4727-4B99-9A73-C3D2616AD455}.Debug|Any CPU.ActiveCfg = Debug|Any CPU
		{91C0097E-4727-4B99-9A73-C3D2616AD455}.Debug|Any CPU.Build.0 = Debug|Any CPU
		{91C0097E-4727-4B99-9A73-C3D2616AD455}.Release|Any CPU.ActiveCfg = Release|Any CPU
		{91C0097E-4727-4B99-9A73-C3D2616AD455}.Release|Any CPU.Build.0 = Release|Any CPU
		{237FF898-4BEE-4169-BCF4-BE6085C0DC31}.Debug|Any CPU.ActiveCfg = Debug|Any CPU
		{237FF898-4BEE-4169-BCF4-BE6085C0DC31}.Debug|Any CPU.Build.0 = Debug|Any CPU
		{237FF898-4BEE-4169-BCF4-BE6085C0DC31}.Release|Any CPU.ActiveCfg = Release|Any CPU
		{237FF898-4BEE-4169-BCF4-BE6085C0DC31}.Release|Any CPU.Build.0 = Release|Any CPU
	EndGlobalSection
	GlobalSection(SolutionProperties) = preSolution
		HideSolutionNode = FALSE
	EndGlobalSection
	GlobalSection(ExtensibilityGlobals) = postSolution
		SolutionGuid = {10AAE249-B313-4602-A878-A43856A157E0}
	EndGlobalSection
EndGlobal
